Microsoft Visual Studio Solution File, Format Version 12.00
# Visual Studio Version 17
VisualStudioVersion = 17.5.2.0
MinimumVisualStudioVersion = 10.0.40219.1
Project("{FAE04EC0-301F-11D3-BF4B-00C04F79EFBC}") = "myFunctionApp", "myFunctionApp.csproj", "{B5AD9931-9CA2-1F63-1B5F-9DCAF8C08BA9}"
EndProject
Global
	GlobalSection(SolutionConfigurationPlatforms) = preSolution
		Debug|Any CPU = Debug|Any CPU
		Release|Any CPU = Release|Any CPU
	EndGlobalSection
	GlobalSection(ProjectConfigurationPlatforms) = postSolution
		{B5AD9931-9CA2-1F63-1B5F-9DCAF8C08BA9}.Debug|Any CPU.ActiveCfg = Debug|Any CPU
		{B5AD9931-9CA2-1F63-1B5F-9DCAF8C08BA9}.Debug|Any CPU.Build.0 = Debug|Any CPU
		{B5AD9931-9CA2-1F63-1B5F-9DCAF8C08BA9}.Release|Any CPU.ActiveCfg = Release|Any CPU
		{B5AD9931-9CA2-1F63-1B5F-9DCAF8C08BA9}.Release|Any CPU.Build.0 = Release|Any CPU
	EndGlobalSection
	GlobalSection(SolutionProperties) = preSolution
		HideSolutionNode = FALSE
	EndGlobalSection
	GlobalSection(ExtensibilityGlobals) = postSolution
		SolutionGuid = {341A53AD-C014-4800-A9AF-CC1976AB93EF}
	EndGlobalSection
EndGlobal
